
Microsoft Visual Studio Solution File, Format Version 12.00
# Visual Studio Version 17
VisualStudioVersion = 17.0.32014.148
MinimumVisualStudioVersion = 10.0.40219.1
Project("{9A19103F-16F7-4668-BE54-9A1E7A4F7556}") = "CIS_297_Project_3", "CIS_297_Project_3.csproj", "{71E7E8F2-191E-4AAF-AF56-E01AA6B2798F}"
EndProject
Global
	GlobalSection(SolutionConfigurationPlatforms) = preSolution
		Debug|Any CPU = Debug|Any CPU
		Release|Any CPU = Release|Any CPU
	EndGlobalSection
	GlobalSection(ProjectConfigurationPlatforms) = postSolution
		{71E7E8F2-191E-4AAF-AF56-E01AA6B2798F}.Debug|Any CPU.ActiveCfg = Debug|Any CPU
		{71E7E8F2-191E-4AAF-AF56-E01AA6B2798F}.Debug|Any CPU.Build.0 = Debug|Any CPU
		{71E7E8F2-191E-4AAF-AF56-E01AA6B2798F}.Release|Any CPU.ActiveCfg = Release|Any CPU
		{71E7E8F2-191E-4AAF-AF56-E01AA6B2798F}.Release|Any CPU.Build.0 = Release|Any CPU
	EndGlobalSection
	GlobalSection(SolutionProperties) = preSolution
		HideSolutionNode = FALSE
	EndGlobalSection
	GlobalSection(ExtensibilityGlobals) = postSolution
		SolutionGuid = {04C32E7F-F126-4569-AE53-4550009C2823}
	EndGlobalSection
EndGlobal
